
Microsoft Visual Studio Solution File, Format Version 12.00
# Visual Studio Version 16
VisualStudioVersion = 16.0.29519.181
MinimumVisualStudioVersion = 10.0.40219.1
Project("{8BC9CEB8-8B4A-11D0-8D11-00A0C91BC942}") = "AT", "src\AT.vcxproj", "{F3EFC08D-EDEB-4159-A1B0-DEFCADB2F76D}"
EndProject
Project("{8BC9CEB8-8B4A-11D0-8D11-00A0C91BC942}") = "enet", "libs\enet\enet.vcxproj", "{136F3A23-0212-42C8-9235-33A622249C54}"
EndProject
Project("{8BC9CEB8-8B4A-11D0-8D11-00A0C91BC942}") = "SDL2", "libs\SDL\VisualC\SDL\SDL.vcxproj", "{81CE8DAF-EBB2-4761-8E45-B71ABCCA8C68}"
EndProject
Project("{8BC9CEB8-8B4A-11D0-8D11-00A0C91BC942}") = "SDL2_image", "libs\SDL_image\VisualC\SDL_image.vcxproj", "{2BD5534E-00E2-4BEA-AC96-D9A92EA24696}"
EndProject
Project("{8BC9CEB8-8B4A-11D0-8D11-00A0C91BC942}") = "SDL2_ttf", "libs\SDL_ttf\VisualC\SDL_ttf.vcxproj", "{DDDBD07D-DC76-4AF6-8D02-3E2DEB6EE255}"
EndProject
Project("{8BC9CEB8-8B4A-11D0-8D11-00A0C91BC942}") = "libsmacker", "libs\libsmacker\libsmacker.vcxproj", "{3D8D4F3A-5B23-439E-954F-79480E60D89F}"
EndProject
Project("{8BC9CEB8-8B4A-11D0-8D11-00A0C91BC942}") = "SDL2_mixer", "libs\SDL_mixer\VisualC\SDL_mixer.vcxproj", "{F7E944B3-0815-40CD-B3E4-90B2A15B0E33}"
EndProject
Project("{8BC9CEB8-8B4A-11D0-8D11-00A0C91BC942}") = "timidity", "libs\SDL_mixer\VisualC\timidity\timidity.vcxproj", "{B162B6F1-E876-4D5F-A1F6-E3A6DC2F4A2C}"
EndProject
Project("{8BC9CEB8-8B4A-11D0-8D11-00A0C91BC942}") = "native_midi", "libs\SDL_mixer\VisualC\native_midi\native_midi.vcxproj", "{EBDA67CA-4A23-4F22-BFBC-B8DBE0580D4F}"
EndProject
Project("{8BC9CEB8-8B4A-11D0-8D11-00A0C91BC942}") = "SDL2main", "libs\SDL\VisualC\SDLmain\SDLmain.vcxproj", "{DA956FD3-E142-46F2-9DD5-C78BEBB56B7A}"
EndProject
Global
	GlobalSection(SolutionConfigurationPlatforms) = preSolution
		Debug|x64 = Debug|x64
		Debug|x86 = Debug|x86
		Release|x64 = Release|x64
		Release|x86 = Release|x86
		Template|x64 = Template|x64
		Template|x86 = Template|x86
	EndGlobalSection
	GlobalSection(ProjectConfigurationPlatforms) = postSolution
		{F3EFC08D-EDEB-4159-A1B0-DEFCADB2F76D}.Debug|x64.ActiveCfg = Debug|x64
		{F3EFC08D-EDEB-4159-A1B0-DEFCADB2F76D}.Debug|x64.Build.0 = Debug|x64
		{F3EFC08D-EDEB-4159-A1B0-DEFCADB2F76D}.Debug|x86.ActiveCfg = Debug|Win32
		{F3EFC08D-EDEB-4159-A1B0-DEFCADB2F76D}.Debug|x86.Build.0 = Debug|Win32
		{F3EFC08D-EDEB-4159-A1B0-DEFCADB2F76D}.Release|x64.ActiveCfg = Release|Win32
		{F3EFC08D-EDEB-4159-A1B0-DEFCADB2F76D}.Release|x86.ActiveCfg = Release|Win32
		{F3EFC08D-EDEB-4159-A1B0-DEFCADB2F76D}.Release|x86.Build.0 = Release|Win32
		{F3EFC08D-EDEB-4159-A1B0-DEFCADB2F76D}.Template|x64.ActiveCfg = Release|Win32
		{F3EFC08D-EDEB-4159-A1B0-DEFCADB2F76D}.Template|x64.Build.0 = Release|Win32
		{F3EFC08D-EDEB-4159-A1B0-DEFCADB2F76D}.Template|x86.ActiveCfg = Release|Win32
		{F3EFC08D-EDEB-4159-A1B0-DEFCADB2F76D}.Template|x86.Build.0 = Release|Win32
		{136F3A23-0212-42C8-9235-33A622249C54}.Debug|x64.ActiveCfg = Debug|x64
		{136F3A23-0212-42C8-9235-33A622249C54}.Debug|x64.Build.0 = Debug|x64
		{136F3A23-0212-42C8-9235-33A622249C54}.Debug|x86.ActiveCfg = Debug|Win32
		{136F3A23-0212-42C8-9235-33A622249C54}.Debug|x86.Build.0 = Debug|Win32
		{136F3A23-0212-42C8-9235-33A622249C54}.Release|x64.ActiveCfg = Release|Win32
		{136F3A23-0212-42C8-9235-33A622249C54}.Release|x86.ActiveCfg = Release|Win32
		{136F3A23-0212-42C8-9235-33A622249C54}.Release|x86.Build.0 = Release|Win32
		{136F3A23-0212-42C8-9235-33A622249C54}.Template|x64.ActiveCfg = Release|Win32
		{136F3A23-0212-42C8-9235-33A622249C54}.Template|x64.Build.0 = Release|Win32
		{136F3A23-0212-42C8-9235-33A622249C54}.Template|x86.ActiveCfg = Release|Win32
		{136F3A23-0212-42C8-9235-33A622249C54}.Template|x86.Build.0 = Release|Win32
		{81CE8DAF-EBB2-4761-8E45-B71ABCCA8C68}.Debug|x64.ActiveCfg = Debug|x64
		{81CE8DAF-EBB2-4761-8E45-B71ABCCA8C68}.Debug|x64.Build.0 = Debug|x64
		{81CE8DAF-EBB2-4761-8E45-B71ABCCA8C68}.Debug|x86.ActiveCfg = Debug|Win32
		{81CE8DAF-EBB2-4761-8E45-B71ABCCA8C68}.Debug|x86.Build.0 = Debug|Win32
		{81CE8DAF-EBB2-4761-8E45-B71ABCCA8C68}.Release|x64.ActiveCfg = Release|x64
		{81CE8DAF-EBB2-4761-8E45-B71ABCCA8C68}.Release|x64.Build.0 = Release|x64
		{81CE8DAF-EBB2-4761-8E45-B71ABCCA8C68}.Release|x86.ActiveCfg = Release|Win32
		{81CE8DAF-EBB2-4761-8E45-B71ABCCA8C68}.Release|x86.Build.0 = Release|Win32
		{81CE8DAF-EBB2-4761-8E45-B71ABCCA8C68}.Template|x64.ActiveCfg = Release|x64
		{81CE8DAF-EBB2-4761-8E45-B71ABCCA8C68}.Template|x64.Build.0 = Release|x64
		{81CE8DAF-EBB2-4761-8E45-B71ABCCA8C68}.Template|x86.ActiveCfg = Release|Win32
		{81CE8DAF-EBB2-4761-8E45-B71ABCCA8C68}.Template|x86.Build.0 = Release|Win32
		{2BD5534E-00E2-4BEA-AC96-D9A92EA24696}.Debug|x64.ActiveCfg = Debug|x64
		{2BD5534E-00E2-4BEA-AC96-D9A92EA24696}.Debug|x64.Build.0 = Debug|x64
		{2BD5534E-00E2-4BEA-AC96-D9A92EA24696}.Debug|x86.ActiveCfg = Debug|Win32
		{2BD5534E-00E2-4BEA-AC96-D9A92EA24696}.Debug|x86.Build.0 = Debug|Win32
		{2BD5534E-00E2-4BEA-AC96-D9A92EA24696}.Release|x64.ActiveCfg = Release|x64
		{2BD5534E-00E2-4BEA-AC96-D9A92EA24696}.Release|x64.Build.0 = Release|x64
		{2BD5534E-00E2-4BEA-AC96-D9A92EA24696}.Release|x86.ActiveCfg = Release|Win32
		{2BD5534E-00E2-4BEA-AC96-D9A92EA24696}.Release|x86.Build.0 = Release|Win32
		{2BD5534E-00E2-4BEA-AC96-D9A92EA24696}.Template|x64.ActiveCfg = Release|x64
		{2BD5534E-00E2-4BEA-AC96-D9A92EA24696}.Template|x64.Build.0 = Release|x64
		{2BD5534E-00E2-4BEA-AC96-D9A92EA24696}.Template|x86.ActiveCfg = Release|Win32
		{2BD5534E-00E2-4BEA-AC96-D9A92EA24696}.Template|x86.Build.0 = Release|Win32
		{DDDBD07D-DC76-4AF6-8D02-3E2DEB6EE255}.Debug|x64.ActiveCfg = Debug|x64
		{DDDBD07D-DC76-4AF6-8D02-3E2DEB6EE255}.Debug|x64.Build.0 = Debug|x64
		{DDDBD07D-DC76-4AF6-8D02-3E2DEB6EE255}.Debug|x86.ActiveCfg = Debug|Win32
		{DDDBD07D-DC76-4AF6-8D02-3E2DEB6EE255}.Debug|x86.Build.0 = Debug|Win32
		{DDDBD07D-DC76-4AF6-8D02-3E2DEB6EE255}.Release|x64.ActiveCfg = Release|x64
		{DDDBD07D-DC76-4AF6-8D02-3E2DEB6EE255}.Release|x64.Build.0 = Release|x64
		{DDDBD07D-DC76-4AF6-8D02-3E2DEB6EE255}.Release|x86.ActiveCfg = Release|Win32
		{DDDBD07D-DC76-4AF6-8D02-3E2DEB6EE255}.Release|x86.Build.0 = Release|Win32
		{DDDBD07D-DC76-4AF6-8D02-3E2DEB6EE255}.Template|x64.ActiveCfg = Release|x64
		{DDDBD07D-DC76-4AF6-8D02-3E2DEB6EE255}.Template|x64.Build.0 = Release|x64
		{DDDBD07D-DC76-4AF6-8D02-3E2DEB6EE255}.Template|x86.ActiveCfg = Release|Win32
		{DDDBD07D-DC76-4AF6-8D02-3E2DEB6EE255}.Template|x86.Build.0 = Release|Win32
		{3D8D4F3A-5B23-439E-954F-79480E60D89F}.Debug|x64.ActiveCfg = Debug|x64
		{3D8D4F3A-5B23-439E-954F-79480E60D89F}.Debug|x64.Build.0 = Debug|x64
		{3D8D4F3A-5B23-439E-954F-79480E60D89F}.Debug|x86.ActiveCfg = Debug|Win32
		{3D8D4F3A-5B23-439E-954F-79480E60D89F}.Debug|x86.Build.0 = Debug|Win32
		{3D8D4F3A-5B23-439E-954F-79480E60D89F}.Release|x64.ActiveCfg = Release|x64
		{3D8D4F3A-5B23-439E-954F-79480E60D89F}.Release|x64.Build.0 = Release|x64
		{3D8D4F3A-5B23-439E-954F-79480E60D89F}.Release|x86.ActiveCfg = Release|Win32
		{3D8D4F3A-5B23-439E-954F-79480E60D89F}.Release|x86.Build.0 = Release|Win32
		{3D8D4F3A-5B23-439E-954F-79480E60D89F}.Template|x64.ActiveCfg = Release|x64
		{3D8D4F3A-5B23-439E-954F-79480E60D89F}.Template|x64.Build.0 = Release|x64
		{3D8D4F3A-5B23-439E-954F-79480E60D89F}.Template|x86.ActiveCfg = Release|Win32
		{3D8D4F3A-5B23-439E-954F-79480E60D89F}.Template|x86.Build.0 = Release|Win32
		{F7E944B3-0815-40CD-B3E4-90B2A15B0E33}.Debug|x64.ActiveCfg = Debug|x64
		{F7E944B3-0815-40CD-B3E4-90B2A15B0E33}.Debug|x64.Build.0 = Debug|x64
		{F7E944B3-0815-40CD-B3E4-90B2A15B0E33}.Debug|x86.ActiveCfg = Debug|Win32
		{F7E944B3-0815-40CD-B3E4-90B2A15B0E33}.Debug|x86.Build.0 = Debug|Win32
		{F7E944B3-0815-40CD-B3E4-90B2A15B0E33}.Release|x64.ActiveCfg = Release|x64
		{F7E944B3-0815-40CD-B3E4-90B2A15B0E33}.Release|x64.Build.0 = Release|x64
		{F7E944B3-0815-40CD-B3E4-90B2A15B0E33}.Release|x86.ActiveCfg = Release|Win32
		{F7E944B3-0815-40CD-B3E4-90B2A15B0E33}.Release|x86.Build.0 = Release|Win32
		{F7E944B3-0815-40CD-B3E4-90B2A15B0E33}.Template|x64.ActiveCfg = Release|x64
		{F7E944B3-0815-40CD-B3E4-90B2A15B0E33}.Template|x64.Build.0 = Release|x64
		{F7E944B3-0815-40CD-B3E4-90B2A15B0E33}.Template|x86.ActiveCfg = Release|Win32
		{F7E944B3-0815-40CD-B3E4-90B2A15B0E33}.Template|x86.Build.0 = Release|Win32
		{B162B6F1-E876-4D5F-A1F6-E3A6DC2F4A2C}.Debug|x64.ActiveCfg = Debug|x64
		{B162B6F1-E876-4D5F-A1F6-E3A6DC2F4A2C}.Debug|x64.Build.0 = Debug|x64
		{B162B6F1-E876-4D5F-A1F6-E3A6DC2F4A2C}.Debug|x86.ActiveCfg = Debug|Win32
		{B162B6F1-E876-4D5F-A1F6-E3A6DC2F4A2C}.Debug|x86.Build.0 = Debug|Win32
		{B162B6F1-E876-4D5F-A1F6-E3A6DC2F4A2C}.Release|x64.ActiveCfg = Release|x64
		{B162B6F1-E876-4D5F-A1F6-E3A6DC2F4A2C}.Release|x64.Build.0 = Release|x64
		{B162B6F1-E876-4D5F-A1F6-E3A6DC2F4A2C}.Release|x86.ActiveCfg = Release|Win32
		{B162B6F1-E876-4D5F-A1F6-E3A6DC2F4A2C}.Release|x86.Build.0 = Release|Win32
		{B162B6F1-E876-4D5F-A1F6-E3A6DC2F4A2C}.Template|x64.ActiveCfg = Release|x64
		{B162B6F1-E876-4D5F-A1F6-E3A6DC2F4A2C}.Template|x64.Build.0 = Release|x64
		{B162B6F1-E876-4D5F-A1F6-E3A6DC2F4A2C}.Template|x86.ActiveCfg = Release|Win32
		{B162B6F1-E876-4D5F-A1F6-E3A6DC2F4A2C}.Template|x86.Build.0 = Release|Win32
		{EBDA67CA-4A23-4F22-BFBC-B8DBE0580D4F}.Debug|x64.ActiveCfg = Debug|x64
		{EBDA67CA-4A23-4F22-BFBC-B8DBE0580D4F}.Debug|x64.Build.0 = Debug|x64
		{EBDA67CA-4A23-4F22-BFBC-B8DBE0580D4F}.Debug|x86.ActiveCfg = Debug|Win32
		{EBDA67CA-4A23-4F22-BFBC-B8DBE0580D4F}.Debug|x86.Build.0 = Debug|Win32
		{EBDA67CA-4A23-4F22-BFBC-B8DBE0580D4F}.Release|x64.ActiveCfg = Release|x64
		{EBDA67CA-4A23-4F22-BFBC-B8DBE0580D4F}.Release|x64.Build.0 = Release|x64
		{EBDA67CA-4A23-4F22-BFBC-B8DBE0580D4F}.Release|x86.ActiveCfg = Release|Win32
		{EBDA67CA-4A23-4F22-BFBC-B8DBE0580D4F}.Release|x86.Build.0 = Release|Win32
		{EBDA67CA-4A23-4F22-BFBC-B8DBE0580D4F}.Template|x64.ActiveCfg = Release|x64
		{EBDA67CA-4A23-4F22-BFBC-B8DBE0580D4F}.Template|x64.Build.0 = Release|x64
		{EBDA67CA-4A23-4F22-BFBC-B8DBE0580D4F}.Template|x86.ActiveCfg = Release|Win32
		{EBDA67CA-4A23-4F22-BFBC-B8DBE0580D4F}.Template|x86.Build.0 = Release|Win32
		{DA956FD3-E142-46F2-9DD5-C78BEBB56B7A}.Debug|x64.ActiveCfg = Debug|x64
		{DA956FD3-E142-46F2-9DD5-C78BEBB56B7A}.Debug|x64.Build.0 = Debug|x64
		{DA956FD3-E142-46F2-9DD5-C78BEBB56B7A}.Debug|x86.ActiveCfg = Debug|Win32
		{DA956FD3-E142-46F2-9DD5-C78BEBB56B7A}.Debug|x86.Build.0 = Debug|Win32
		{DA956FD3-E142-46F2-9DD5-C78BEBB56B7A}.Release|x64.ActiveCfg = Release|x64
		{DA956FD3-E142-46F2-9DD5-C78BEBB56B7A}.Release|x64.Build.0 = Release|x64
		{DA956FD3-E142-46F2-9DD5-C78BEBB56B7A}.Release|x86.ActiveCfg = Release|Win32
		{DA956FD3-E142-46F2-9DD5-C78BEBB56B7A}.Release|x86.Build.0 = Release|Win32
		{DA956FD3-E142-46F2-9DD5-C78BEBB56B7A}.Template|x64.ActiveCfg = Release|x64
		{DA956FD3-E142-46F2-9DD5-C78BEBB56B7A}.Template|x64.Build.0 = Release|x64
		{DA956FD3-E142-46F2-9DD5-C78BEBB56B7A}.Template|x86.ActiveCfg = Release|Win32
		{DA956FD3-E142-46F2-9DD5-C78BEBB56B7A}.Template|x86.Build.0 = Release|Win32
	EndGlobalSection
	GlobalSection(SolutionProperties) = preSolution
		HideSolutionNode = FALSE
	EndGlobalSection
	GlobalSection(ExtensibilityGlobals) = postSolution
		SolutionGuid = {A19926C7-56BA-454C-B761-0A926FD093B0}
	EndGlobalSection
EndGlobal
