<?xml version="1.0" encoding="utf-8"?>
<Project ToolsVersion="16.0" xmlns="http://schemas.microsoft.com/developer/msbuild/2003">
  <ItemGroup>
    <ClCompile Include="Album.cpp">
      <Filter>Source Files</Filter>
    </ClCompile>
    <ClCompile Include="Bitmap.cpp">
      <Filter>Source Files</Filter>
    </ClCompile>
    <ClCompile Include="Debug.cpp">
      <Filter>Source Files</Filter>
    </ClCompile>
    <ClCompile Include="Math.cpp">
      <Filter>Source Files</Filter>
    </ClCompile>
    <ClCompile Include="TeakFile.cpp">
      <Filter>Source Files</Filter>
    </ClCompile>
    <ClCompile Include="TeakStr.cpp">
      <Filter>Source Files</Filter>
    </ClCompile>
    <ClCompile Include="TextRes.cpp">
      <Filter>Source Files</Filter>
    </ClCompile>
  </ItemGroup>
  <ItemGroup>
    <Filter Include="Source Files">
      <UniqueIdentifier>{D107D969-73F2-3456-8ECA-FEACBFCD7F6E}</UniqueIdentifier>
    </Filter>
  </ItemGroup>
</Project>